
Microsoft Visual Studio Solution File, Format Version 12.00
# Visual Studio Version 16
VisualStudioVersion = 16.0.29806.167
MinimumVisualStudioVersion = 10.0.40219.1
Project("{9A19103F-16F7-4668-BE54-9A1E7A4F7556}") = "ModuleOneFirstTaskConsole", "ModuleOneFirstTaskConsole\ModuleOneFirstTaskConsole.csproj", "{D4E0F033-B839-484A-9CEE-638AE3DAEC05}"
EndProject
Project("{FAE04EC0-301F-11D3-BF4B-00C04F79EFBC}") = "ModuleOneFirstTaskWPF", "ModuleOneFirstTaskWPF\ModuleOneFirstTaskWPF.csproj", "{EBFDD48C-2A3E-417F-920B-C8A575341C72}"
EndProject
Project("{FAE04EC0-301F-11D3-BF4B-00C04F79EFBC}") = "ModuleOneSecondTaskLibrary", "ModuleOneSecondTaskLibrary\ModuleOneSecondTaskLibrary.csproj", "{6B2AF2DC-A659-4CDD-ABCB-0BCECF703C9A}"
EndProject
Global
	GlobalSection(SolutionConfigurationPlatforms) = preSolution
		Debug|Any CPU = Debug|Any CPU
		Release|Any CPU = Release|Any CPU
	EndGlobalSection
	GlobalSection(ProjectConfigurationPlatforms) = postSolution
		{D4E0F033-B839-484A-9CEE-638AE3DAEC05}.Debug|Any CPU.ActiveCfg = Debug|Any CPU
		{D4E0F033-B839-484A-9CEE-638AE3DAEC05}.Debug|Any CPU.Build.0 = Debug|Any CPU
		{D4E0F033-B839-484A-9CEE-638AE3DAEC05}.Release|Any CPU.ActiveCfg = Release|Any CPU
		{D4E0F033-B839-484A-9CEE-638AE3DAEC05}.Release|Any CPU.Build.0 = Release|Any CPU
		{EBFDD48C-2A3E-417F-920B-C8A575341C72}.Debug|Any CPU.ActiveCfg = Debug|Any CPU
		{EBFDD48C-2A3E-417F-920B-C8A575341C72}.Debug|Any CPU.Build.0 = Debug|Any CPU
		{EBFDD48C-2A3E-417F-920B-C8A575341C72}.Release|Any CPU.ActiveCfg = Release|Any CPU
		{EBFDD48C-2A3E-417F-920B-C8A575341C72}.Release|Any CPU.Build.0 = Release|Any CPU
		{6B2AF2DC-A659-4CDD-ABCB-0BCECF703C9A}.Debug|Any CPU.ActiveCfg = Debug|Any CPU
		{6B2AF2DC-A659-4CDD-ABCB-0BCECF703C9A}.Debug|Any CPU.Build.0 = Debug|Any CPU
		{6B2AF2DC-A659-4CDD-ABCB-0BCECF703C9A}.Release|Any CPU.ActiveCfg = Release|Any CPU
		{6B2AF2DC-A659-4CDD-ABCB-0BCECF703C9A}.Release|Any CPU.Build.0 = Release|Any CPU
	EndGlobalSection
	GlobalSection(SolutionProperties) = preSolution
		HideSolutionNode = FALSE
	EndGlobalSection
	GlobalSection(ExtensibilityGlobals) = postSolution
		SolutionGuid = {337E54EB-BC91-4970-AA1C-F9D3C495DD17}
	EndGlobalSection
EndGlobal
